{
  "requires": true,
  "lockfileVersion": 1,
  "dependencies": {
    "memstash": {
      "version": "0.0.0",
      "resolved": "https://registry.npmjs.org/memstash/-/memstash-0.0.0.tgz",
      "integrity": "sha512-QLXoKuORFedeRubXfmux2QecX95cCr3a2/OS4dg2svoM7k3a+lVUKj8mdsj709dMSpJ5Jjq1NzF57YAiiIqumQ=="
    }
  }
}
